github.com/davecgh/go-spew v1.1.1 h1:vj9j/u1bqnvCEfJOwUhtlOARqs3+rkHYY13jYWTU97c=
github.com/davecgh/go-spew v1.1.1/go.mod h1:J7Y8YcW2NihsgmVo/mv3lAwl/skON4iLHjSsI+c5H38=
github.com/marubontan/go-collections v0.0.2 h1:Up7yucDMI7qlrH1mxqB2/O2ZhLIypeI31xJOjt9abv0=
github.com/marubontan/go-collections v0.0.2/go.mod h1:Ev1xHQIHf71itT3ZiKKHtezRUUY4PD6O6QUKywD4U3A=
github.com/marubontan/go-maze v0.1.1 h1:Ivjr+3yrNGQc/QOH+mhriVFC9ubYke+hM6co0ACUOwc=
github.com/marubontan/go-maze v0.1.1/go.mod h1:w6mQx5eiQw+zHS/imVK+s0Vad1xce6J4gDq6mkyiuZY=
github.com/pmezard/go-difflib v1.0.0 h1:4DBwDE0NGyQoBHbLQYPwSUPoCMWR5BEzIk/f1lZbAQM=
github.com/pmezard/go-difflib v1.0.0/go.mod h1:iKH77koFhYxTK1pcRnkKkqfTogsbg7gZNVY4sRDYZ/4=
github.com/stretchr/testify v1.8.4 h1:CcVxjf3Q8PM0mHUKJCdn+eZZtm5yQwehR5yeSVQQcUk=
github.com/stretchr/testify v1.8.4/go.mod h1:sz/lmYIOXD/1dqDmKjjqLyZ2RngseejIcXlSw2iwfAo=
gopkg.in/yaml.v3 v3.0.1 h1:fxVm/GzAzEWqLHuvctI91KS9hhNmmWOoWu0XTYJS7CA=
gopkg.in/yaml.v3 v3.0.1/go.mod h1:K4uyk7z7BCEPqu6E+C64Yfv1cQ7kz7rIZviUmN+EgEM=
